// !$*UTF8*$!
{
	archiveVersion = 1;
	classes = {
	};
	objectVersion = 46;
	objects = {

/* Begin PBXBuildFile section */
		5BAF010A17FA146800D7B634 /* Foundation.framework in Frameworks */ = {isa = PBXBuildFile; fileRef = 5BAF010917FA146800D7B634 /* Foundation.framework */; };
		5BAF010C17FA146800D7B634 /* CoreGraphics.framework in Frameworks */ = {isa = PBXBuildFile; fileRef = 5BAF010B17FA146800D7B634 /* CoreGraphics.framework */; };
		5BAF010E17FA146800D7B634 /* UIKit.framework in Frameworks */ = {isa = PBXBuildFile; fileRef = 5BAF010D17FA146800D7B634 /* UIKit.framework */; };
		5BAF011417FA146800D7B634 /* InfoPlist.strings in Resources */ = {isa = PBXBuildFile; fileRef = 5BAF011217FA146800D7B634 /* InfoPlist.strings */; };
		5BAF011617FA146800D7B634 /* main.m in Sources */ = {isa = PBXBuildFile; fileRef = 5BAF011517FA146800D7B634 /* main.m */; };
		5BAF011A17FA146800D7B634 /* AppDelegate.m in Sources */ = {isa = PBXBuildFile; fileRef = 5BAF011917FA146800D7B634 /* AppDelegate.m */; };
		5BAF011C17FA146800D7B634 /* Images.xcassets in Resources */ = {isa = PBXBuildFile; fileRef = 5BAF011B17FA146800D7B634 /* Images.xcassets */; };
		5BAF012317FA146800D7B634 /* XCTest.framework in Frameworks */ = {isa = PBXBuildFile; fileRef = 5BAF012217FA146800D7B634 /* XCTest.framework */; };
		5BAF012417FA146800D7B634 /* Foundation.framework in Frameworks */ = {isa = PBXBuildFile; fileRef = 5BAF010917FA146800D7B634 /* Foundation.framework */; };
		5BAF012517FA146800D7B634 /* UIKit.framework in Frameworks */ = {isa = PBXBuildFile; fileRef = 5BAF010D17FA146800D7B634 /* UIKit.framework */; };
		5BAF012D17FA146800D7B634 /* InfoPlist.strings in Resources */ = {isa = PBXBuildFile; fileRef = 5BAF012B17FA146800D7B634 /* InfoPlist.strings */; };
		5BAF012F17FA146800D7B634 /* pilightTests.m in Sources */ = {isa = PBXBuildFile; fileRef = 5BAF012E17FA146800D7B634 /* pilightTests.m */; };
/* End PBXBuildFile section */

/* Begin PBXContainerItemProxy section */
		5BAF012617FA146800D7B634 /* PBXContainerItemProxy */ = {
			isa = PBXContainerItemProxy;
			containerPortal = 5BAF00FE17FA146800D7B634 /* Project object */;
			proxyType = 1;
			remoteGlobalIDString = 5BAF010517FA146800D7B634;
			remoteInfo = pilight;
		};
/* End PBXContainerItemProxy section */

/* Begin PBXFileReference section */
		5BAF010617FA146800D7B634 /* pilight.app */ = {isa = PBXFileReference; explicitFileType = wrapper.application; includeInIndex = 0; path = pilight.app; sourceTree = BUILT_PRODUCTS_DIR; };
		5BAF010917FA146800D7B634 /* Foundation.framework */ = {isa = PBXFileReference; lastKnownFileType = wrapper.framework; name = Foundation.framework; path = System/Library/Frameworks/Foundation.framework; sourceTree = SDKROOT; };
		5BAF010B17FA146800D7B634 /* CoreGraphics.framework */ = {isa = PBXFileReference; lastKnownFileType = wrapper.framework; name = CoreGraphics.framework; path = System/Library/Frameworks/CoreGraphics.framework; sourceTree = SDKROOT; };
		5BAF010D17FA146800D7B634 /* UIKit.framework */ = {isa = PBXFileReference; lastKnownFileType = wrapper.framework; name = UIKit.framework; path = System/Library/Frameworks/UIKit.framework; sourceTree = SDKROOT; };
		5BAF011117FA146800D7B634 /* pilight-Info.plist */ = {isa = PBXFileReference; lastKnownFileType = text.plist.xml; path = "pilight-Info.plist"; sourceTree = "<group>"; };
		5BAF011317FA146800D7B634 /* en */ = {isa = PBXFileReference; lastKnownFileType = text.plist.strings; name = en; path = en.lproj/InfoPlist.strings; sourceTree = "<group>"; };
		5BAF011517FA146800D7B634 /* main.m */ = {isa = PBXFileReference; lastKnownFileType = sourcecode.c.objc; path = main.m; sourceTree = "<group>"; };
		5BAF011717FA146800D7B634 /* pilight-Prefix.pch */ = {isa = PBXFileReference; lastKnownFileType = sourcecode.c.h; path = "pilight-Prefix.pch"; sourceTree = "<group>"; };
		5BAF011817FA146800D7B634 /* AppDelegate.h */ = {isa = PBXFileReference; lastKnownFileType = sourcecode.c.h; path = AppDelegate.h; sourceTree = "<group>"; };
		5BAF011917FA146800D7B634 /* AppDelegate.m */ = {isa = PBXFileReference; lastKnownFileType = sourcecode.c.objc; path = AppDelegate.m; sourceTree = "<group>"; };
		5BAF011B17FA146800D7B634 /* Images.xcassets */ = {isa = PBXFileReference; lastKnownFileType = folder.assetcatalog; path = Images.xcassets; sourceTree = "<group>"; };
		5BAF012117FA146800D7B634 /* pilightTests.xctest */ = {isa = PBXFileReference; explicitFileType = wrapper.cfbundle; includeInIndex = 0; path = pilightTests.xctest; sourceTree = BUILT_PRODUCTS_DIR; };
		5BAF012217FA146800D7B634 /* XCTest.framework */ = {isa = PBXFileReference; lastKnownFileType = wrapper.framework; name = XCTest.framework; path = Library/Frameworks/XCTest.framework; sourceTree = DEVELOPER_DIR; };
		5BAF012A17FA146800D7B634 /* pilightTests-Info.plist */ = {isa = PBXFileReference; lastKnownFileType = text.plist.xml; path = "pilightTests-Info.plist"; sourceTree = "<group>"; };
		5BAF012C17FA146800D7B634 /* en */ = {isa = PBXFileReference; lastKnownFileType = text.plist.strings; name = en; path = en.lproj/InfoPlist.strings; sourceTree = "<group>"; };
		5BAF012E17FA146800D7B634 /* pilightTests.m */ = {isa = PBXFileReference; lastKnownFileType = sourcecode.c.objc; path = pilightTests.m; sourceTree = "<group>"; };
/* End PBXFileReference section */

/* Begin PBXFrameworksBuildPhase section */
		5BAF010317FA146800D7B634 /* Frameworks */ = {
			isa = PBXFrameworksBuildPhase;
			buildActionMask = 2147483647;
			files = (
				5BAF010C17FA146800D7B634 /* CoreGraphics.framework in Frameworks */,
				5BAF010E17FA146800D7B634 /* UIKit.framework in Frameworks */,
				5BAF010A17FA146800D7B634 /* Foundation.framework in Frameworks */,
			);
			runOnlyForDeploymentPostprocessing = 0;
		};
		5BAF011E17FA146800D7B634 /* Frameworks */ = {
			isa = PBXFrameworksBuildPhase;
			buildActionMask = 2147483647;
			files = (
				5BAF012317FA146800D7B634 /* XCTest.framework in Frameworks */,
				5BAF012517FA146800D7B634 /* UIKit.framework in Frameworks */,
				5BAF012417FA146800D7B634 /* Foundation.framework in Frameworks */,
			);
			runOnlyForDeploymentPostprocessing = 0;
		};
/* End PBXFrameworksBuildPhase section */

/* Begin PBXGroup section */
		5BAF00FD17FA146800D7B634 = {
			isa = PBXGroup;
			children = (
				5BAF010F17FA146800D7B634 /* pilight */,
				5BAF012817FA146800D7B634 /* pilightTests */,
				5BAF010817FA146800D7B634 /* Frameworks */,
				5BAF010717FA146800D7B634 /* Products */,
			);
			sourceTree = "<group>";
		};
		5BAF010717FA146800D7B634 /* Products */ = {
			isa = PBXGroup;
			children = (
				5BAF010617FA146800D7B634 /* pilight.app */,
				5BAF012117FA146800D7B634 /* pilightTests.xctest */,
			);
			name = Products;
			sourceTree = "<group>";
		};
		5BAF010817FA146800D7B634 /* Frameworks */ = {
			isa = PBXGroup;
			children = (
				5BAF010917FA146800D7B634 /* Foundation.framework */,
				5BAF010B17FA146800D7B634 /* CoreGraphics.framework */,
				5BAF010D17FA146800D7B634 /* UIKit.framework */,
				5BAF012217FA146800D7B634 /* XCTest.framework */,
			);
			name = Frameworks;
			sourceTree = "<group>";
		};
		5BAF010F17FA146800D7B634 /* pilight */ = {
			isa = PBXGroup;
			children = (
				5BAF011817FA146800D7B634 /* AppDelegate.h */,
				5BAF011917FA146800D7B634 /* AppDelegate.m */,
				5BAF011B17FA146800D7B634 /* Images.xcassets */,
				5BAF011017FA146800D7B634 /* Supporting Files */,
			);
			path = pilight;
			sourceTree = "<group>";
		};
		5BAF011017FA146800D7B634 /* Supporting Files */ = {
			isa = PBXGroup;
			children = (
				5BAF011117FA146800D7B634 /* pilight-Info.plist */,
				5BAF011217FA146800D7B634 /* InfoPlist.strings */,
				5BAF011517FA146800D7B634 /* main.m */,
				5BAF011717FA146800D7B634 /* pilight-Prefix.pch */,
			);
			name = "Supporting Files";
			sourceTree = "<group>";
		};
		5BAF012817FA146800D7B634 /* pilightTests */ = {
			isa = PBXGroup;
			children = (
				5BAF012E17FA146800D7B634 /* pilightTests.m */,
				5BAF012917FA146800D7B634 /* Supporting Files */,
			);
			path = pilightTests;
			sourceTree = "<group>";
		};
		5BAF012917FA146800D7B634 /* Supporting Files */ = {
			isa = PBXGroup;
			children = (
				5BAF012A17FA146800D7B634 /* pilightTests-Info.plist */,
				5BAF012B17FA146800D7B634 /* InfoPlist.strings */,
			);
			name = "Supporting Files";
			sourceTree = "<group>";
		};
/* End PBXGroup section */

/* Begin PBXNativeTarget section */
		5BAF010517FA146800D7B634 /* pilight */ = {
			isa = PBXNativeTarget;
			buildConfigurationList = 5BAF013217FA146800D7B634 /* Build configuration list for PBXNativeTarget "pilight" */;
			buildPhases = (
				5BAF010217FA146800D7B634 /* Sources */,
				5BAF010317FA146800D7B634 /* Frameworks */,
				5BAF010417FA146800D7B634 /* Resources */,
			);
			buildRules = (
			);
			dependencies = (
			);
			name = pilight;
			productName = pilight;
			productReference = 5BAF010617FA146800D7B634 /* pilight.app */;
			productType = "com.apple.product-type.application";
		};
		5BAF012017FA146800D7B634 /* pilightTests */ = {
			isa = PBXNativeTarget;
			buildConfigurationList = 5BAF013517FA146800D7B634 /* Build configuration list for PBXNativeTarget "pilightTests" */;
			buildPhases = (
				5BAF011D17FA146800D7B634 /* Sources */,
				5BAF011E17FA146800D7B634 /* Frameworks */,
				5BAF011F17FA146800D7B634 /* Resources */,
			);
			buildRules = (
			);
			dependencies = (
				5BAF012717FA146800D7B634 /* PBXTargetDependency */,
			);
			name = pilightTests;
			productName = pilightTests;
			productReference = 5BAF012117FA146800D7B634 /* pilightTests.xctest */;
			productType = "com.apple.product-type.bundle.unit-test";
		};
/* End PBXNativeTarget section */

/* Begin PBXProject section */
		5BAF00FE17FA146800D7B634 /* Project object */ = {
			isa = PBXProject;
			attributes = {
				LastUpgradeCheck = 0500;
				ORGANIZATIONNAME = "Martin Kollaard";
				TargetAttributes = {
					5BAF012017FA146800D7B634 = {
						TestTargetID = 5BAF010517FA146800D7B634;
					};
				};
			};
			buildConfigurationList = 5BAF010117FA146800D7B634 /* Build configuration list for PBXProject "pilight" */;
			compatibilityVersion = "Xcode 3.2";
			developmentRegion = English;
			hasScannedForEncodings = 0;
			knownRegions = (
				en,
			);
			mainGroup = 5BAF00FD17FA146800D7B634;
			productRefGroup = 5BAF010717FA146800D7B634 /* Products */;
			projectDirPath = "";
			projectRoot = "";
			targets = (
				5BAF010517FA146800D7B634 /* pilight */,
				5BAF012017FA146800D7B634 /* pilightTests */,
			);
		};
/* End PBXProject section */

/* Begin PBXResourcesBuildPhase section */
		5BAF010417FA146800D7B634 /* Resources */ = {
			isa = PBXResourcesBuildPhase;
			buildActionMask = 2147483647;
			files = (
				5BAF011417FA146800D7B634 /* InfoPlist.strings in Resources */,
				5BAF011C17FA146800D7B634 /* Images.xcassets in Resources */,
			);
			runOnlyForDeploymentPostprocessing = 0;
		};
		5BAF011F17FA146800D7B634 /* Resources */ = {
			isa = PBXResourcesBuildPhase;
			buildActionMask = 2147483647;
			files = (
				5BAF012D17FA146800D7B634 /* InfoPlist.strings in Resources */,
			);
			runOnlyForDeploymentPostprocessing = 0;
		};
/* End PBXResourcesBuildPhase section */

/* Begin PBXSourcesBuildPhase section */
		5BAF010217FA146800D7B634 /* Sources */ = {
			isa = PBXSourcesBuildPhase;
			buildActionMask = 2147483647;
			files = (
				5BAF011A17FA146800D7B634 /* AppDelegate.m in Sources */,
				5BAF011617FA146800D7B634 /* main.m in Sources */,
			);
			runOnlyForDeploymentPostprocessing = 0;
		};
		5BAF011D17FA146800D7B634 /* Sources */ = {
			isa = PBXSourcesBuildPhase;
			buildActionMask = 2147483647;
			files = (
				5BAF012F17FA146800D7B634 /* pilightTests.m in Sources */,
			);
			runOnlyForDeploymentPostprocessing = 0;
		};
/* End PBXSourcesBuildPhase section */

/* Begin PBXTargetDependency section */
		5BAF012717FA146800D7B634 /* PBXTargetDependency */ = {
			isa = PBXTargetDependency;
			target = 5BAF010517FA146800D7B634 /* pilight */;
			targetProxy = 5BAF012617FA146800D7B634 /* PBXContainerItemProxy */;
		};
/* End PBXTargetDependency section */

/* Begin PBXVariantGroup section */
		5BAF011217FA146800D7B634 /* InfoPlist.strings */ = {
			isa = PBXVariantGroup;
			children = (
				5BAF011317FA146800D7B634 /* en */,
			);
			name = InfoPlist.strings;
			sourceTree = "<group>";
		};
		5BAF012B17FA146800D7B634 /* InfoPlist.strings */ = {
			isa = PBXVariantGroup;
			children = (
				5BAF012C17FA146800D7B634 /* en */,
			);
			name = InfoPlist.strings;
			sourceTree = "<group>";
		};
/* End PBXVariantGroup section */

/* Begin XCBuildConfiguration section */
		5BAF013017FA146800D7B634 /* Debug */ = {
			isa = XCBuildConfiguration;
			buildSettings = {
				ALWAYS_SEARCH_USER_PATHS = NO;
				ARCHS = "$(ARCHS_STANDARD_INCLUDING_64_BIT)";
				CLANG_CXX_LANGUAGE_STANDARD = "gnu++0x";
				CLANG_CXX_LIBRARY = "libc++";
				CLANG_ENABLE_MODULES = YES;
				CLANG_ENABLE_OBJC_ARC = YES;
				CLANG_WARN_BOOL_CONVERSION = YES;
				CLANG_WARN_CONSTANT_CONVERSION = YES;
				CLANG_WARN_DIRECT_OBJC_ISA_USAGE = YES_ERROR;
				CLANG_WARN_EMPTY_BODY = YES;
				CLANG_WARN_ENUM_CONVERSION = YES;
				CLANG_WARN_INT_CONVERSION = YES;
				CLANG_WARN_OBJC_ROOT_CLASS = YES_ERROR;
				CLANG_WARN__DUPLICATE_METHOD_MATCH = YES;
				"CODE_SIGN_IDENTITY[sdk=iphoneos*]" = "iPhone Developer";
				COPY_PHASE_STRIP = NO;
				GCC_C_LANGUAGE_STANDARD = gnu99;
				GCC_DYNAMIC_NO_PIC = NO;
				GCC_OPTIMIZATION_LEVEL = 0;
				GCC_PREPROCESSOR_DEFINITIONS = (
					"DEBUG=1",
					"$(inherited)",
				);
				GCC_SYMBOLS_PRIVATE_EXTERN = NO;
				GCC_WARN_64_TO_32_BIT_CONVERSION = YES;
				GCC_WARN_ABOUT_RETURN_TYPE = YES_ERROR;
				GCC_WARN_UNDECLARED_SELECTOR = YES;
				GCC_WARN_UNINITIALIZED_AUTOS = YES;
				GCC_WARN_UNUSED_FUNCTION = YES;
				GCC_WARN_UNUSED_VARIABLE = YES;
				IPHONEOS_DEPLOYMENT_TARGET = 7.0;
				ONLY_ACTIVE_ARCH = YES;
				SDKROOT = iphoneos;
			};
			name = Debug;
		};
		5BAF013117FA146800D7B634 /* Release */ = {
			isa = XCBuildConfiguration;
			buildSettings = {
				ALWAYS_SEARCH_USER_PATHS = NO;
				ARCHS = "$(ARCHS_STANDARD_INCLUDING_64_BIT)";
				CLANG_CXX_LANGUAGE_STANDARD = "gnu++0x";
				CLANG_CXX_LIBRARY = "libc++";
				CLANG_ENABLE_MODULES = YES;
				CLANG_ENABLE_OBJC_ARC = YES;
				CLANG_WARN_BOOL_CONVERSION = YES;
				CLANG_WARN_CONSTANT_CONVERSION = YES;
				CLANG_WARN_DIRECT_OBJC_ISA_USAGE = YES_ERROR;
				CLANG_WARN_EMPTY_BODY = YES;
				CLANG_WARN_ENUM_CONVERSION = YES;
				CLANG_WARN_INT_CONVERSION = YES;
				CLANG_WARN_OBJC_ROOT_CLASS = YES_ERROR;
				CLANG_WARN__DUPLICATE_METHOD_MATCH = YES;
				"CODE_SIGN_IDENTITY[sdk=iphoneos*]" = "iPhone Developer";
				COPY_PHASE_STRIP = YES;
				ENABLE_NS_ASSERTIONS = NO;
				GCC_C_LANGUAGE_STANDARD = gnu99;
				GCC_WARN_64_TO_32_BIT_CONVERSION = YES;
				GCC_WARN_ABOUT_RETURN_TYPE = YES_ERROR;
				GCC_WARN_UNDECLARED_SELECTOR = YES;
				GCC_WARN_UNINITIALIZED_AUTOS = YES;
				GCC_WARN_UNUSED_FUNCTION = YES;
				GCC_WARN_UNUSED_VARIABLE = YES;
				IPHONEOS_DEPLOYMENT_TARGET = 7.0;
				SDKROOT = iphoneos;
				VALIDATE_PRODUCT = YES;
			};
			name = Release;
		};
		5BAF013317FA146800D7B634 /* Debug */ = {
			isa = XCBuildConfiguration;
			buildSettings = {
				ASSETCATALOG_COMPILER_APPICON_NAME = AppIcon;
				ASSETCATALOG_COMPILER_LAUNCHIMAGE_NAME = LaunchImage;
				GCC_PRECOMPILE_PREFIX_HEADER = YES;
				GCC_PREFIX_HEADER = "pilight/pilight-Prefix.pch";
				INFOPLIST_FILE = "pilight/pilight-Info.plist";
				PRODUCT_NAME = "$(TARGET_NAME)";
				WRAPPER_EXTENSION = app;
			};
			name = Debug;
		};
		5BAF013417FA146800D7B634 /* Release */ = {
			isa = XCBuildConfiguration;
			buildSettings = {
				ASSETCATALOG_COMPILER_APPICON_NAME = AppIcon;
				ASSETCATALOG_COMPILER_LAUNCHIMAGE_NAME = LaunchImage;
				GCC_PRECOMPILE_PREFIX_HEADER = YES;
				GCC_PREFIX_HEADER = "pilight/pilight-Prefix.pch";
				INFOPLIST_FILE = "pilight/pilight-Info.plist";
				PRODUCT_NAME = "$(TARGET_NAME)";
				WRAPPER_EXTENSION = app;
			};
			name = Release;
		};
		5BAF013617FA146800D7B634 /* Debug */ = {
			isa = XCBuildConfiguration;
			buildSettings = {
				ARCHS = "$(ARCHS_STANDARD_INCLUDING_64_BIT)";
				BUNDLE_LOADER = "$(BUILT_PRODUCTS_DIR)/pilight.app/pilight";
				FRAMEWORK_SEARCH_PATHS = (
					"$(SDKROOT)/Developer/Library/Frameworks",
					"$(inherited)",
					"$(DEVELOPER_FRAMEWORKS_DIR)",
				);
				GCC_PRECOMPILE_PREFIX_HEADER = YES;
				GCC_PREFIX_HEADER = "pilight/pilight-Prefix.pch";
				GCC_PREPROCESSOR_DEFINITIONS = (
					"DEBUG=1",
					"$(inherited)",
				);
				INFOPLIST_FILE = "pilightTests/pilightTests-Info.plist";
				PRODUCT_NAME = "$(TARGET_NAME)";
				TEST_HOST = "$(BUNDLE_LOADER)";
				WRAPPER_EXTENSION = xctest;
			};
			name = Debug;
		};
		5BAF013717FA146800D7B634 /* Release */ = {
			isa = XCBuildConfiguration;
			buildSettings = {
				ARCHS = "$(ARCHS_STANDARD_INCLUDING_64_BIT)";
				BUNDLE_LOADER = "$(BUILT_PRODUCTS_DIR)/pilight.app/pilight";
				FRAMEWORK_SEARCH_PATHS = (
					"$(SDKROOT)/Developer/Library/Frameworks",
					"$(inherited)",
					"$(DEVELOPER_FRAMEWORKS_DIR)",
				);
				GCC_PRECOMPILE_PREFIX_HEADER = YES;
				GCC_PREFIX_HEADER = "pilight/pilight-Prefix.pch";
				INFOPLIST_FILE = "pilightTests/pilightTests-Info.plist";
				PRODUCT_NAME = "$(TARGET_NAME)";
				TEST_HOST = "$(BUNDLE_LOADER)";
				WRAPPER_EXTENSION = xctest;
			};
			name = Release;
		};
/* End XCBuildConfiguration section */

/* Begin XCConfigurationList section */
		5BAF010117FA146800D7B634 /* Build configuration list for PBXProject "pilight" */ = {
			isa = XCConfigurationList;
			buildConfigurations = (
				5BAF013017FA146800D7B634 /* Debug */,
				5BAF013117FA146800D7B634 /* Release */,
			);
			defaultConfigurationIsVisible = 0;
			defaultConfigurationName = Release;
		};
		5BAF013217FA146800D7B634 /* Build configuration list for PBXNativeTarget "pilight" */ = {
			isa = XCConfigurationList;
			buildConfigurations = (
				5BAF013317FA146800D7B634 /* Debug */,
				5BAF013417FA146800D7B634 /* Release */,
			);
			defaultConfigurationIsVisible = 0;
		};
		5BAF013517FA146800D7B634 /* Build configuration list for PBXNativeTarget "pilightTests" */ = {
			isa = XCConfigurationList;
			buildConfigurations = (
				5BAF013617FA146800D7B634 /* Debug */,
				5BAF013717FA146800D7B634 /* Release */,
			);
			defaultConfigurationIsVisible = 0;
		};
/* End XCConfigurationList section */
	};
	rootObject = 5BAF00FE17FA146800D7B634 /* Project object */;
}
